
Microsoft Visual Studio Solution File, Format Version 12.00
# Visual Studio Version 17
VisualStudioVersion = 17.5.33516.290
MinimumVisualStudioVersion = 10.0.40219.1
Project("{FAE04EC0-301F-11D3-BF4B-00C04F79EFBC}") = "dranger003.llama.cpp-dotnet", "dranger003.llama.cpp-dotnet.csproj", "{81F2D6E8-9A33-4ECF-A828-7CF17F6DAA84}"
EndProject
Global
	GlobalSection(SolutionConfigurationPlatforms) = preSolution
		Debug|Any CPU = Debug|Any CPU
		Release|Any CPU = Release|Any CPU
	EndGlobalSection
	GlobalSection(ProjectConfigurationPlatforms) = postSolution
		{81F2D6E8-9A33-4ECF-A828-7CF17F6DAA84}.Debug|Any CPU.ActiveCfg = Debug|Any CPU
		{81F2D6E8-9A33-4ECF-A828-7CF17F6DAA84}.Debug|Any CPU.Build.0 = Debug|Any CPU
		{81F2D6E8-9A33-4ECF-A828-7CF17F6DAA84}.Release|Any CPU.ActiveCfg = Release|Any CPU
		{81F2D6E8-9A33-4ECF-A828-7CF17F6DAA84}.Release|Any CPU.Build.0 = Release|Any CPU
	EndGlobalSection
	GlobalSection(SolutionProperties) = preSolution
		HideSolutionNode = FALSE
	EndGlobalSection
	GlobalSection(ExtensibilityGlobals) = postSolution
		SolutionGuid = {D2581F06-1E7D-482A-99BE-D3656D1B10EB}
	EndGlobalSection
EndGlobal
